// !$*UTF8*$!
{
	archiveVersion = 1;
	classes = {
	};
	objectVersion = 50;
	objects = {

/* Begin PBXBuildFile section */
		00465E4E5B7D6CBBE94004C2 /* Pods_CocoapodsTransitiveDependencyBug.framework in Frameworks */ = {isa = PBXBuildFile; fileRef = CA3D06B862C0B10200441CF8 /* Pods_CocoapodsTransitiveDependencyBug.framework */; };
		F99A8FBF25ED9679009BA304 /* CocoapodsTransitiveDependencyBugApp.swift in Sources */ = {isa = PBXBuildFile; fileRef = F99A8FBE25ED9679009BA304 /* CocoapodsTransitiveDependencyBugApp.swift */; };
		F99A8FC125ED9679009BA304 /* ContentView.swift in Sources */ = {isa = PBXBuildFile; fileRef = F99A8FC025ED9679009BA304 /* ContentView.swift */; };
		F99A8FC325ED967B009BA304 /* Assets.xcassets in Resources */ = {isa = PBXBuildFile; fileRef = F99A8FC225ED967B009BA304 /* Assets.xcassets */; };
		F99A8FC625ED967B009BA304 /* Preview Assets.xcassets in Resources */ = {isa = PBXBuildFile; fileRef = F99A8FC525ED967B009BA304 /* Preview Assets.xcassets */; };
/* End PBXBuildFile section */

/* Begin PBXFileReference section */
		2ABC8B6C2E9036702F91EBB7 /* Pods-CocoapodsTransitiveDependencyBug.debug.xcconfig */ = {isa = PBXFileReference; includeInIndex = 1; lastKnownFileType = text.xcconfig; name = "Pods-CocoapodsTransitiveDependencyBug.debug.xcconfig"; path = "Target Support Files/Pods-CocoapodsTransitiveDependencyBug/Pods-CocoapodsTransitiveDependencyBug.debug.xcconfig"; sourceTree = "<group>"; };
		5F87E501261EB62A0B52153A /* Pods-CocoapodsTransitiveDependencyBug.release.xcconfig */ = {isa = PBXFileReference; includeInIndex = 1; lastKnownFileType = text.xcconfig; name = "Pods-CocoapodsTransitiveDependencyBug.release.xcconfig"; path = "Target Support Files/Pods-CocoapodsTransitiveDependencyBug/Pods-CocoapodsTransitiveDependencyBug.release.xcconfig"; sourceTree = "<group>"; };
		CA3D06B862C0B10200441CF8 /* Pods_CocoapodsTransitiveDependencyBug.framework */ = {isa = PBXFileReference; explicitFileType = wrapper.framework; includeInIndex = 0; path = Pods_CocoapodsTransitiveDependencyBug.framework; sourceTree = BUILT_PRODUCTS_DIR; };
		F99A8FBB25ED9679009BA304 /* CocoapodsTransitiveDependencyBug.app */ = {isa = PBXFileReference; explicitFileType = wrapper.application; includeInIndex = 0; path = CocoapodsTransitiveDependencyBug.app; sourceTree = BUILT_PRODUCTS_DIR; };
		F99A8FBE25ED9679009BA304 /* CocoapodsTransitiveDependencyBugApp.swift */ = {isa = PBXFileReference; lastKnownFileType = sourcecode.swift; path = CocoapodsTransitiveDependencyBugApp.swift; sourceTree = "<group>"; };
		F99A8FC025ED9679009BA304 /* ContentView.swift */ = {isa = PBXFileReference; lastKnownFileType = sourcecode.swift; path = ContentView.swift; sourceTree = "<group>"; };
		F99A8FC225ED967B009BA304 /* Assets.xcassets */ = {isa = PBXFileReference; lastKnownFileType = folder.assetcatalog; path = Assets.xcassets; sourceTree = "<group>"; };
		F99A8FC525ED967B009BA304 /* Preview Assets.xcassets */ = {isa = PBXFileReference; lastKnownFileType = folder.assetcatalog; path = "Preview Assets.xcassets"; sourceTree = "<group>"; };
		F99A8FC725ED967B009BA304 /* Info.plist */ = {isa = PBXFileReference; lastKnownFileType = text.plist.xml; path = Info.plist; sourceTree = "<group>"; };
		F99A8FCE25ED96CD009BA304 /* Gemfile */ = {isa = PBXFileReference; lastKnownFileType = text; path = Gemfile; sourceTree = "<group>"; };
/* End PBXFileReference section */

/* Begin PBXFrameworksBuildPhase section */
		F99A8FB825ED9679009BA304 /* Frameworks */ = {
			isa = PBXFrameworksBuildPhase;
			buildActionMask = 2147483647;
			files = (
				00465E4E5B7D6CBBE94004C2 /* Pods_CocoapodsTransitiveDependencyBug.framework in Frameworks */,
			);
			runOnlyForDeploymentPostprocessing = 0;
		};
/* End PBXFrameworksBuildPhase section */

/* Begin PBXGroup section */
		4200AD535C4450834168A228 /* Frameworks */ = {
			isa = PBXGroup;
			children = (
				CA3D06B862C0B10200441CF8 /* Pods_CocoapodsTransitiveDependencyBug.framework */,
			);
			name = Frameworks;
			sourceTree = "<group>";
		};
		A3E4FA09FAC1DF0C8C2611F5 /* Pods */ = {
			isa = PBXGroup;
			children = (
				2ABC8B6C2E9036702F91EBB7 /* Pods-CocoapodsTransitiveDependencyBug.debug.xcconfig */,
				5F87E501261EB62A0B52153A /* Pods-CocoapodsTransitiveDependencyBug.release.xcconfig */,
			);
			name = Pods;
			path = Pods;
			sourceTree = "<group>";
		};
		F99A8FB225ED9679009BA304 = {
			isa = PBXGroup;
			children = (
				F99A8FCE25ED96CD009BA304 /* Gemfile */,
				F99A8FBD25ED9679009BA304 /* CocoapodsTransitiveDependencyBug */,
				F99A8FBC25ED9679009BA304 /* Products */,
				A3E4FA09FAC1DF0C8C2611F5 /* Pods */,
				4200AD535C4450834168A228 /* Frameworks */,
			);
			sourceTree = "<group>";
		};
		F99A8FBC25ED9679009BA304 /* Products */ = {
			isa = PBXGroup;
			children = (
				F99A8FBB25ED9679009BA304 /* CocoapodsTransitiveDependencyBug.app */,
			);
			name = Products;
			sourceTree = "<group>";
		};
		F99A8FBD25ED9679009BA304 /* CocoapodsTransitiveDependencyBug */ = {
			isa = PBXGroup;
			children = (
				F99A8FBE25ED9679009BA304 /* CocoapodsTransitiveDependencyBugApp.swift */,
				F99A8FC025ED9679009BA304 /* ContentView.swift */,
				F99A8FC225ED967B009BA304 /* Assets.xcassets */,
				F99A8FC725ED967B009BA304 /* Info.plist */,
				F99A8FC425ED967B009BA304 /* Preview Content */,
			);
			path = CocoapodsTransitiveDependencyBug;
			sourceTree = "<group>";
		};
		F99A8FC425ED967B009BA304 /* Preview Content */ = {
			isa = PBXGroup;
			children = (
				F99A8FC525ED967B009BA304 /* Preview Assets.xcassets */,
			);
			path = "Preview Content";
			sourceTree = "<group>";
		};
/* End PBXGroup section */

/* Begin PBXNativeTarget section */
		F99A8FBA25ED9679009BA304 /* CocoapodsTransitiveDependencyBug */ = {
			isa = PBXNativeTarget;
			buildConfigurationList = F99A8FCA25ED967B009BA304 /* Build configuration list for PBXNativeTarget "CocoapodsTransitiveDependencyBug" */;
			buildPhases = (
				D4D0F2EC19507474E592BB38 /* [CP] Check Pods Manifest.lock */,
				F99A8FB725ED9679009BA304 /* Sources */,
				F99A8FB825ED9679009BA304 /* Frameworks */,
				F99A8FB925ED9679009BA304 /* Resources */,
				364B703B4F38B888F1DB28D3 /* [CP] Embed Pods Frameworks */,
			);
			buildRules = (
			);
			dependencies = (
			);
			name = CocoapodsTransitiveDependencyBug;
			productName = CocoapodsTransitiveDependencyBug;
			productReference = F99A8FBB25ED9679009BA304 /* CocoapodsTransitiveDependencyBug.app */;
			productType = "com.apple.product-type.application";
		};
/* End PBXNativeTarget section */

/* Begin PBXProject section */
		F99A8FB325ED9679009BA304 /* Project object */ = {
			isa = PBXProject;
			attributes = {
				LastSwiftUpdateCheck = 1240;
				LastUpgradeCheck = 1240;
				TargetAttributes = {
					F99A8FBA25ED9679009BA304 = {
						CreatedOnToolsVersion = 12.4;
					};
				};
			};
			buildConfigurationList = F99A8FB625ED9679009BA304 /* Build configuration list for PBXProject "CocoapodsTransitiveDependencyBug" */;
			compatibilityVersion = "Xcode 9.3";
			developmentRegion = en;
			hasScannedForEncodings = 0;
			knownRegions = (
				en,
				Base,
			);
			mainGroup = F99A8FB225ED9679009BA304;
			productRefGroup = F99A8FBC25ED9679009BA304 /* Products */;
			projectDirPath = "";
			projectRoot = "";
			targets = (
				F99A8FBA25ED9679009BA304 /* CocoapodsTransitiveDependencyBug */,
			);
		};
/* End PBXProject section */

/* Begin PBXResourcesBuildPhase section */
		F99A8FB925ED9679009BA304 /* Resources */ = {
			isa = PBXResourcesBuildPhase;
			buildActionMask = 2147483647;
			files = (
				F99A8FC625ED967B009BA304 /* Preview Assets.xcassets in Resources */,
				F99A8FC325ED967B009BA304 /* Assets.xcassets in Resources */,
			);
			runOnlyForDeploymentPostprocessing = 0;
		};
/* End PBXResourcesBuildPhase section */

/* Begin PBXShellScriptBuildPhase section */
		364B703B4F38B888F1DB28D3 /* [CP] Embed Pods Frameworks */ = {
			isa = PBXShellScriptBuildPhase;
			buildActionMask = 2147483647;
			files = (
			);
			inputFileListPaths = (
				"${PODS_ROOT}/Target Support Files/Pods-CocoapodsTransitiveDependencyBug/Pods-CocoapodsTransitiveDependencyBug-frameworks-${CONFIGURATION}-input-files.xcfilelist",
			);
			name = "[CP] Embed Pods Frameworks";
			outputFileListPaths = (
				"${PODS_ROOT}/Target Support Files/Pods-CocoapodsTransitiveDependencyBug/Pods-CocoapodsTransitiveDependencyBug-frameworks-${CONFIGURATION}-output-files.xcfilelist",
			);
			runOnlyForDeploymentPostprocessing = 0;
			shellPath = /bin/sh;
			shellScript = "\"${PODS_ROOT}/Target Support Files/Pods-CocoapodsTransitiveDependencyBug/Pods-CocoapodsTransitiveDependencyBug-frameworks.sh\"\n";
			showEnvVarsInLog = 0;
		};
		D4D0F2EC19507474E592BB38 /* [CP] Check Pods Manifest.lock */ = {
			isa = PBXShellScriptBuildPhase;
			buildActionMask = 2147483647;
			files = (
			);
			inputFileListPaths = (
			);
			inputPaths = (
				"${PODS_PODFILE_DIR_PATH}/Podfile.lock",
				"${PODS_ROOT}/Manifest.lock",
			);
			name = "[CP] Check Pods Manifest.lock";
			outputFileListPaths = (
			);
			outputPaths = (
				"$(DERIVED_FILE_DIR)/Pods-CocoapodsTransitiveDependencyBug-checkManifestLockResult.txt",
			);
			runOnlyForDeploymentPostprocessing = 0;
			shellPath = /bin/sh;
			shellScript = "diff \"${PODS_PODFILE_DIR_PATH}/Podfile.lock\" \"${PODS_ROOT}/Manifest.lock\" > /dev/null\nif [ $? != 0 ] ; then\n    # print error to STDERR\n    echo \"error: The sandbox is not in sync with the Podfile.lock. Run 'pod install' or update your CocoaPods installation.\" >&2\n    exit 1\nfi\n# This output is used by Xcode 'outputs' to avoid re-running this script phase.\necho \"SUCCESS\" > \"${SCRIPT_OUTPUT_FILE_0}\"\n";
			showEnvVarsInLog = 0;
		};
/* End PBXShellScriptBuildPhase section */

/* Begin PBXSourcesBuildPhase section */
		F99A8FB725ED9679009BA304 /* Sources */ = {
			isa = PBXSourcesBuildPhase;
			buildActionMask = 2147483647;
			files = (
				F99A8FC125ED9679009BA304 /* ContentView.swift in Sources */,
				F99A8FBF25ED9679009BA304 /* CocoapodsTransitiveDependencyBugApp.swift in Sources */,
			);
			runOnlyForDeploymentPostprocessing = 0;
		};
/* End PBXSourcesBuildPhase section */

/* Begin XCBuildConfiguration section */
		F99A8FC825ED967B009BA304 /* Debug */ = {
			isa = XCBuildConfiguration;
			buildSettings = {
				ALWAYS_SEARCH_USER_PATHS = NO;
				CLANG_ANALYZER_NONNULL = YES;
				CLANG_ANALYZER_NUMBER_OBJECT_CONVERSION = YES_AGGRESSIVE;
				CLANG_CXX_LANGUAGE_STANDARD = "gnu++14";
				CLANG_CXX_LIBRARY = "libc++";
				CLANG_ENABLE_MODULES = YES;
				CLANG_ENABLE_OBJC_ARC = YES;
				CLANG_ENABLE_OBJC_WEAK = YES;
				CLANG_WARN_BLOCK_CAPTURE_AUTORELEASING = YES;
				CLANG_WARN_BOOL_CONVERSION = YES;
				CLANG_WARN_COMMA = YES;
				CLANG_WARN_CONSTANT_CONVERSION = YES;
				CLANG_WARN_DEPRECATED_OBJC_IMPLEMENTATIONS = YES;
				CLANG_WARN_DIRECT_OBJC_ISA_USAGE = YES_ERROR;
				CLANG_WARN_DOCUMENTATION_COMMENTS = YES;
				CLANG_WARN_EMPTY_BODY = YES;
				CLANG_WARN_ENUM_CONVERSION = YES;
				CLANG_WARN_INFINITE_RECURSION = YES;
				CLANG_WARN_INT_CONVERSION = YES;
				CLANG_WARN_NON_LITERAL_NULL_CONVERSION = YES;
				CLANG_WARN_OBJC_IMPLICIT_RETAIN_SELF = YES;
				CLANG_WARN_OBJC_LITERAL_CONVERSION = YES;
				CLANG_WARN_OBJC_ROOT_CLASS = YES_ERROR;
				CLANG_WARN_QUOTED_INCLUDE_IN_FRAMEWORK_HEADER = YES;
				CLANG_WARN_RANGE_LOOP_ANALYSIS = YES;
				CLANG_WARN_STRICT_PROTOTYPES = YES;
				CLANG_WARN_SUSPICIOUS_MOVE = YES;
				CLANG_WARN_UNGUARDED_AVAILABILITY = YES_AGGRESSIVE;
				CLANG_WARN_UNREACHABLE_CODE = YES;
				CLANG_WARN__DUPLICATE_METHOD_MATCH = YES;
				COPY_PHASE_STRIP = NO;
				DEBUG_INFORMATION_FORMAT = dwarf;
				ENABLE_STRICT_OBJC_MSGSEND = YES;
				ENABLE_TESTABILITY = YES;
				GCC_C_LANGUAGE_STANDARD = gnu11;
				GCC_DYNAMIC_NO_PIC = NO;
				GCC_NO_COMMON_BLOCKS = YES;
				GCC_OPTIMIZATION_LEVEL = 0;
				GCC_PREPROCESSOR_DEFINITIONS = (
					"DEBUG=1",
					"$(inherited)",
				);
				GCC_WARN_64_TO_32_BIT_CONVERSION = YES;
				GCC_WARN_ABOUT_RETURN_TYPE = YES_ERROR;
				GCC_WARN_UNDECLARED_SELECTOR = YES;
				GCC_WARN_UNINITIALIZED_AUTOS = YES_AGGRESSIVE;
				GCC_WARN_UNUSED_FUNCTION = YES;
				GCC_WARN_UNUSED_VARIABLE = YES;
				IPHONEOS_DEPLOYMENT_TARGET = 14.4;
				MTL_ENABLE_DEBUG_INFO = INCLUDE_SOURCE;
				MTL_FAST_MATH = YES;
				ONLY_ACTIVE_ARCH = YES;
				SDKROOT = iphoneos;
				SWIFT_ACTIVE_COMPILATION_CONDITIONS = DEBUG;
				SWIFT_OPTIMIZATION_LEVEL = "-Onone";
			};
			name = Debug;
		};
		F99A8FC925ED967B009BA304 /* Release */ = {
			isa = XCBuildConfiguration;
			buildSettings = {
				ALWAYS_SEARCH_USER_PATHS = NO;
				CLANG_ANALYZER_NONNULL = YES;
				CLANG_ANALYZER_NUMBER_OBJECT_CONVERSION = YES_AGGRESSIVE;
				CLANG_CXX_LANGUAGE_STANDARD = "gnu++14";
				CLANG_CXX_LIBRARY = "libc++";
				CLANG_ENABLE_MODULES = YES;
				CLANG_ENABLE_OBJC_ARC = YES;
				CLANG_ENABLE_OBJC_WEAK = YES;
				CLANG_WARN_BLOCK_CAPTURE_AUTORELEASING = YES;
				CLANG_WARN_BOOL_CONVERSION = YES;
				CLANG_WARN_COMMA = YES;
				CLANG_WARN_CONSTANT_CONVERSION = YES;
				CLANG_WARN_DEPRECATED_OBJC_IMPLEMENTATIONS = YES;
				CLANG_WARN_DIRECT_OBJC_ISA_USAGE = YES_ERROR;
				CLANG_WARN_DOCUMENTATION_COMMENTS = YES;
				CLANG_WARN_EMPTY_BODY = YES;
				CLANG_WARN_ENUM_CONVERSION = YES;
				CLANG_WARN_INFINITE_RECURSION = YES;
				CLANG_WARN_INT_CONVERSION = YES;
				CLANG_WARN_NON_LITERAL_NULL_CONVERSION = YES;
				CLANG_WARN_OBJC_IMPLICIT_RETAIN_SELF = YES;
				CLANG_WARN_OBJC_LITERAL_CONVERSION = YES;
				CLANG_WARN_OBJC_ROOT_CLASS = YES_ERROR;
				CLANG_WARN_QUOTED_INCLUDE_IN_FRAMEWORK_HEADER = YES;
				CLANG_WARN_RANGE_LOOP_ANALYSIS = YES;
				CLANG_WARN_STRICT_PROTOTYPES = YES;
				CLANG_WARN_SUSPICIOUS_MOVE = YES;
				CLANG_WARN_UNGUARDED_AVAILABILITY = YES_AGGRESSIVE;
				CLANG_WARN_UNREACHABLE_CODE = YES;
				CLANG_WARN__DUPLICATE_METHOD_MATCH = YES;
				COPY_PHASE_STRIP = NO;
				DEBUG_INFORMATION_FORMAT = "dwarf-with-dsym";
				ENABLE_NS_ASSERTIONS = NO;
				ENABLE_STRICT_OBJC_MSGSEND = YES;
				GCC_C_LANGUAGE_STANDARD = gnu11;
				GCC_NO_COMMON_BLOCKS = YES;
				GCC_WARN_64_TO_32_BIT_CONVERSION = YES;
				GCC_WARN_ABOUT_RETURN_TYPE = YES_ERROR;
				GCC_WARN_UNDECLARED_SELECTOR = YES;
				GCC_WARN_UNINITIALIZED_AUTOS = YES_AGGRESSIVE;
				GCC_WARN_UNUSED_FUNCTION = YES;
				GCC_WARN_UNUSED_VARIABLE = YES;
				IPHONEOS_DEPLOYMENT_TARGET = 14.4;
				MTL_ENABLE_DEBUG_INFO = NO;
				MTL_FAST_MATH = YES;
				SDKROOT = iphoneos;
				SWIFT_COMPILATION_MODE = wholemodule;
				SWIFT_OPTIMIZATION_LEVEL = "-O";
				VALIDATE_PRODUCT = YES;
			};
			name = Release;
		};
		F99A8FCB25ED967B009BA304 /* Debug */ = {
			isa = XCBuildConfiguration;
			baseConfigurationReference = 2ABC8B6C2E9036702F91EBB7 /* Pods-CocoapodsTransitiveDependencyBug.debug.xcconfig */;
			buildSettings = {
				ASSETCATALOG_COMPILER_APPICON_NAME = AppIcon;
				ASSETCATALOG_COMPILER_GLOBAL_ACCENT_COLOR_NAME = AccentColor;
				CODE_SIGN_STYLE = Automatic;
				DEVELOPMENT_ASSET_PATHS = "\"CocoapodsTransitiveDependencyBug/Preview Content\"";
				ENABLE_PREVIEWS = YES;
				INFOPLIST_FILE = CocoapodsTransitiveDependencyBug/Info.plist;
				IPHONEOS_DEPLOYMENT_TARGET = 14.0;
				LD_RUNPATH_SEARCH_PATHS = (
					"$(inherited)",
					"@executable_path/Frameworks",
				);
				PRODUCT_BUNDLE_IDENTIFIER = com.example.CocoapodsTransitiveDependencyBug;
				PRODUCT_NAME = "$(TARGET_NAME)";
				SWIFT_VERSION = 5.0;
				TARGETED_DEVICE_FAMILY = "1,2";
			};
			name = Debug;
		};
		F99A8FCC25ED967B009BA304 /* Release */ = {
			isa = XCBuildConfiguration;
			baseConfigurationReference = 5F87E501261EB62A0B52153A /* Pods-CocoapodsTransitiveDependencyBug.release.xcconfig */;
			buildSettings = {
				ASSETCATALOG_COMPILER_APPICON_NAME = AppIcon;
				ASSETCATALOG_COMPILER_GLOBAL_ACCENT_COLOR_NAME = AccentColor;
				CODE_SIGN_STYLE = Automatic;
				DEVELOPMENT_ASSET_PATHS = "\"CocoapodsTransitiveDependencyBug/Preview Content\"";
				ENABLE_PREVIEWS = YES;
				INFOPLIST_FILE = CocoapodsTransitiveDependencyBug/Info.plist;
				IPHONEOS_DEPLOYMENT_TARGET = 14.0;
				LD_RUNPATH_SEARCH_PATHS = (
					"$(inherited)",
					"@executable_path/Frameworks",
				);
				PRODUCT_BUNDLE_IDENTIFIER = com.example.CocoapodsTransitiveDependencyBug;
				PRODUCT_NAME = "$(TARGET_NAME)";
				SWIFT_VERSION = 5.0;
				TARGETED_DEVICE_FAMILY = "1,2";
			};
			name = Release;
		};
/* End XCBuildConfiguration section */

/* Begin XCConfigurationList section */
		F99A8FB625ED9679009BA304 /* Build configuration list for PBXProject "CocoapodsTransitiveDependencyBug" */ = {
			isa = XCConfigurationList;
			buildConfigurations = (
				F99A8FC825ED967B009BA304 /* Debug */,
				F99A8FC925ED967B009BA304 /* Release */,
			);
			defaultConfigurationIsVisible = 0;
			defaultConfigurationName = Release;
		};
		F99A8FCA25ED967B009BA304 /* Build configuration list for PBXNativeTarget "CocoapodsTransitiveDependencyBug" */ = {
			isa = XCConfigurationList;
			buildConfigurations = (
				F99A8FCB25ED967B009BA304 /* Debug */,
				F99A8FCC25ED967B009BA304 /* Release */,
			);
			defaultConfigurationIsVisible = 0;
			defaultConfigurationName = Release;
		};
/* End XCConfigurationList section */
	};
	rootObject = F99A8FB325ED9679009BA304 /* Project object */;
}
